
Microsoft Visual Studio Solution File, Format Version 12.00
# Visual Studio Version 16
VisualStudioVersion = 16.0.31112.23
MinimumVisualStudioVersion = 10.0.40219.1
Project("{FAE04EC0-301F-11D3-BF4B-00C04F79EFBC}") = "CoreMVCCategoryProduct", "CoreMVCCategoryProduct\CoreMVCCategoryProduct.csproj", "{85F75A05-ED3F-4A6C-A4DE-2B22ED03223B}"
EndProject
Global
	GlobalSection(SolutionConfigurationPlatforms) = preSolution
		Debug|Any CPU = Debug|Any CPU
		Release|Any CPU = Release|Any CPU
	EndGlobalSection
	GlobalSection(ProjectConfigurationPlatforms) = postSolution
		{85F75A05-ED3F-4A6C-A4DE-2B22ED03223B}.Debug|Any CPU.ActiveCfg = Debug|Any CPU
		{85F75A05-ED3F-4A6C-A4DE-2B22ED03223B}.Debug|Any CPU.Build.0 = Debug|Any CPU
		{85F75A05-ED3F-4A6C-A4DE-2B22ED03223B}.Release|Any CPU.ActiveCfg = Release|Any CPU
		{85F75A05-ED3F-4A6C-A4DE-2B22ED03223B}.Release|Any CPU.Build.0 = Release|Any CPU
	EndGlobalSection
	GlobalSection(SolutionProperties) = preSolution
		HideSolutionNode = FALSE
	EndGlobalSection
	GlobalSection(ExtensibilityGlobals) = postSolution
		SolutionGuid = {A2E435FE-53E2-4532-98CB-4F656B6E9AC7}
	EndGlobalSection
EndGlobal
