
Microsoft Visual Studio Solution File, Format Version 12.00
# Visual Studio Version 16
VisualStudioVersion = 16.0.31129.286
MinimumVisualStudioVersion = 10.0.40219.1
Project("{FAE04EC0-301F-11D3-BF4B-00C04F79EFBC}") = "WindowsFormsApp4", "WindowsFormsApp4\WindowsFormsApp4.csproj", "{578CE129-A0E6-41A3-8ECC-7E73404CDF57}"
EndProject
Global
	GlobalSection(SolutionConfigurationPlatforms) = preSolution
		Debug|Any CPU = Debug|Any CPU
		Release|Any CPU = Release|Any CPU
	EndGlobalSection
	GlobalSection(ProjectConfigurationPlatforms) = postSolution
		{578CE129-A0E6-41A3-8ECC-7E73404CDF57}.Debug|Any CPU.ActiveCfg = Debug|Any CPU
		{578CE129-A0E6-41A3-8ECC-7E73404CDF57}.Debug|Any CPU.Build.0 = Debug|Any CPU
		{578CE129-A0E6-41A3-8ECC-7E73404CDF57}.Release|Any CPU.ActiveCfg = Release|Any CPU
		{578CE129-A0E6-41A3-8ECC-7E73404CDF57}.Release|Any CPU.Build.0 = Release|Any CPU
	EndGlobalSection
	GlobalSection(SolutionProperties) = preSolution
		HideSolutionNode = FALSE
	EndGlobalSection
	GlobalSection(ExtensibilityGlobals) = postSolution
		SolutionGuid = {B21A821B-857E-4659-8451-C2E5BEBFEA5E}
	EndGlobalSection
EndGlobal
