
Microsoft Visual Studio Solution File, Format Version 12.00
# Visual Studio Version 16
VisualStudioVersion = 16.0.31112.23
MinimumVisualStudioVersion = 10.0.40219.1
Project("{FAE04EC0-301F-11D3-BF4B-00C04F79EFBC}") = "CoreMVCjTable", "CoreMVCjTable\CoreMVCjTable.csproj", "{ED1B6403-8158-47FC-AA8F-16EB32DFF9BA}"
EndProject
Global
	GlobalSection(SolutionConfigurationPlatforms) = preSolution
		Debug|Any CPU = Debug|Any CPU
		Release|Any CPU = Release|Any CPU
	EndGlobalSection
	GlobalSection(ProjectConfigurationPlatforms) = postSolution
		{ED1B6403-8158-47FC-AA8F-16EB32DFF9BA}.Debug|Any CPU.ActiveCfg = Debug|Any CPU
		{ED1B6403-8158-47FC-AA8F-16EB32DFF9BA}.Debug|Any CPU.Build.0 = Debug|Any CPU
		{ED1B6403-8158-47FC-AA8F-16EB32DFF9BA}.Release|Any CPU.ActiveCfg = Release|Any CPU
		{ED1B6403-8158-47FC-AA8F-16EB32DFF9BA}.Release|Any CPU.Build.0 = Release|Any CPU
	EndGlobalSection
	GlobalSection(SolutionProperties) = preSolution
		HideSolutionNode = FALSE
	EndGlobalSection
	GlobalSection(ExtensibilityGlobals) = postSolution
		SolutionGuid = {2F247C9B-FA0E-4CE7-92CE-9778A88A64CA}
	EndGlobalSection
EndGlobal
