
Microsoft Visual Studio Solution File, Format Version 12.00
# Visual Studio Version 16
VisualStudioVersion = 16.0.31112.23
MinimumVisualStudioVersion = 10.0.40219.1
Project("{FAE04EC0-301F-11D3-BF4B-00C04F79EFBC}") = "CoreODataApi", "CoreODataApi\CoreODataApi.csproj", "{AE0501D7-4522-4834-894E-44FDE3E8FE42}"
EndProject
Global
	GlobalSection(SolutionConfigurationPlatforms) = preSolution
		Debug|Any CPU = Debug|Any CPU
		Release|Any CPU = Release|Any CPU
	EndGlobalSection
	GlobalSection(ProjectConfigurationPlatforms) = postSolution
		{AE0501D7-4522-4834-894E-44FDE3E8FE42}.Debug|Any CPU.ActiveCfg = Debug|Any CPU
		{AE0501D7-4522-4834-894E-44FDE3E8FE42}.Debug|Any CPU.Build.0 = Debug|Any CPU
		{AE0501D7-4522-4834-894E-44FDE3E8FE42}.Release|Any CPU.ActiveCfg = Release|Any CPU
		{AE0501D7-4522-4834-894E-44FDE3E8FE42}.Release|Any CPU.Build.0 = Release|Any CPU
	EndGlobalSection
	GlobalSection(SolutionProperties) = preSolution
		HideSolutionNode = FALSE
	EndGlobalSection
	GlobalSection(ExtensibilityGlobals) = postSolution
		SolutionGuid = {20EA25AD-4BFB-46E1-8816-A9C5A9C9902E}
	EndGlobalSection
EndGlobal
